
Microsoft Visual Studio Solution File, Format Version 12.00
# Visual Studio Version 16
VisualStudioVersion = 16.0.30011.22
MinimumVisualStudioVersion = 10.0.40219.1
Project("{8BC9CEB8-8B4A-11D0-8D11-00A0C91BC942}") = "TerribleElevator", "TerribleElevator\TerribleElevator.vcxproj", "{E462D73F-E870-4075-A1BB-91CD00D8EA15}"
EndProject
Global
	GlobalSection(SolutionConfigurationPlatforms) = preSolution
		Debug|x64 = Debug|x64
		Debug|x86 = Debug|x86
		Release|x64 = Release|x64
		Release|x86 = Release|x86
	EndGlobalSection
	GlobalSection(ProjectConfigurationPlatforms) = postSolution
		{E462D73F-E870-4075-A1BB-91CD00D8EA15}.Debug|x64.ActiveCfg = Debug|x64
		{E462D73F-E870-4075-A1BB-91CD00D8EA15}.Debug|x64.Build.0 = Debug|x64
		{E462D73F-E870-4075-A1BB-91CD00D8EA15}.Debug|x86.ActiveCfg = Debug|Win32
		{E462D73F-E870-4075-A1BB-91CD00D8EA15}.Debug|x86.Build.0 = Debug|Win32
		{E462D73F-E870-4075-A1BB-91CD00D8EA15}.Release|x64.ActiveCfg = Release|x64
		{E462D73F-E870-4075-A1BB-91CD00D8EA15}.Release|x64.Build.0 = Release|x64
		{E462D73F-E870-4075-A1BB-91CD00D8EA15}.Release|x86.ActiveCfg = Release|Win32
		{E462D73F-E870-4075-A1BB-91CD00D8EA15}.Release|x86.Build.0 = Release|Win32
	EndGlobalSection
	GlobalSection(SolutionProperties) = preSolution
		HideSolutionNode = FALSE
	EndGlobalSection
	GlobalSection(ExtensibilityGlobals) = postSolution
		SolutionGuid = {C0A124B8-ABBC-4DCB-BE38-7F0C72391880}
	EndGlobalSection
EndGlobal
